PODS:
  - CDNetworkReachability (1.0.1)

DEPENDENCIES:
  - CDNetworkReachability (from `../`)

EXTERNAL SOURCES:
  CDNetworkReachability:
    :path: "../"

SPEC CHECKSUMS:
  CDNetworkReachability: d6705126b1fd50327369b7a8b326c47f34edff55

PODFILE CHECKSUM: c49d44515e8ea287cf51b63dba1150922abbfb71

COCOAPODS: 1.8.0.beta.1
